{
  "name": "peggy-string-concat",
  "version": "1.0.0",
  "lockfileVersion": 3,
  "requires": true,
  "packages": {
    "": {
      "name": "peggy-string-concat",
      "version": "1.0.0",
      "license": "MIT",
      "devDependencies": {
        "peggy": "^4.0.0",
        "peggy-string": "github:frostburn/peggy-string"
      }
    },
    "node_modules/commander": {
      "version": "12.0.0",
      "resolved": "https://registry.npmjs.org/commander/-/commander-12.0.0.tgz",
      "integrity": "sha512-MwVNWlYjDTtOjX5PiD7o5pK0UrFU/OYgcJfjjK4RaHZETNtjJqrZa9Y9ds88+A+f+d5lv+561eZ+yCKoS3gbAA==",
      "dev": true,
      "engines": {
        "node": ">=18"
      }
    },
    "node_modules/peggy": {
      "version": "4.0.0",
      "resolved": "https://registry.npmjs.org/peggy/-/peggy-4.0.0.tgz",
      "integrity": "sha512-fg9oKdoLSiP24lEsH+5vtYawR9v46a9sNikmYWPtORv+wZKqf9bFVMC5m8NWiTfRu6GaednL96YcmSmMcLY8Dg==",
      "dev": true,
      "dependencies": {
        "commander": "^12.0.0",
        "source-map-generator": "0.8.0"
      },
      "bin": {
        "peggy": "bin/peggy.js"
      },
      "engines": {
        "node": ">=18"
      }
    },
    "node_modules/peggy-string": {
      "version": "1.0.0",
      "resolved": "git+ssh://git@github.com/frostburn/peggy-string.git#0e3b9cebf6826100d30ada667d07fa72ba051fff",
      "dev": true,
      "license": "MIT"
    },
    "node_modules/source-map-generator": {
      "version": "0.8.0",
      "resolved": "https://registry.npmjs.org/source-map-generator/-/source-map-generator-0.8.0.tgz",
      "integrity": "sha512-psgxdGMwl5MZM9S3FWee4EgsEaIjahYV5AzGnwUvPhWeITz/j6rKpysQHlQ4USdxvINlb8lKfWGIXwfkrgtqkA==",
      "dev": true,
      "engines": {
        "node": ">= 10"
      }
    }
  }
}
