{
  "name": "peggy-string-concat",
  "version": "1.0.0",
  "lockfileVersion": 3,
  "requires": true,
  "packages": {
    "": {
      "name": "peggy-string-concat",
      "version": "1.0.0",
      "license": "MIT",
      "devDependencies": {
        "peggy": "github:hildjj/peggy#multi-file",
        "peggy-string": "github:frostburn/peggy-string"
      }
    },
    "node_modules/commander": {
      "version": "11.1.0",
      "resolved": "https://registry.npmjs.org/commander/-/commander-11.1.0.tgz",
      "integrity": "sha512-yPVavfyCcRhmorC7rWlkHn15b4wDVgVmBA7kV4QVBsF7kv/9TKJAbAXVTxvTnwP8HHKjRCJDClKbciiYS7p0DQ==",
      "dev": true,
      "engines": {
        "node": ">=16"
      }
    },
    "node_modules/peggy": {
      "version": "3.0.2",
      "resolved": "git+ssh://git@github.com/hildjj/peggy.git#dd1ee2b68cd8e85cd257878afd6051bf11c25613",
      "dev": true,
      "license": "MIT",
      "dependencies": {
        "commander": "^11.0.0",
        "source-map-generator": "0.8.0"
      },
      "bin": {
        "peggy": "bin/peggy.js"
      },
      "engines": {
        "node": ">=16"
      }
    },
    "node_modules/peggy-string": {
      "version": "1.0.0",
      "resolved": "git+ssh://git@github.com/frostburn/peggy-string.git#65538adf3d3336a22879da419ba61ae8eff59fae",
      "dev": true,
      "license": "MIT"
    },
    "node_modules/source-map-generator": {
      "version": "0.8.0",
      "resolved": "https://registry.npmjs.org/source-map-generator/-/source-map-generator-0.8.0.tgz",
      "integrity": "sha512-psgxdGMwl5MZM9S3FWee4EgsEaIjahYV5AzGnwUvPhWeITz/j6rKpysQHlQ4USdxvINlb8lKfWGIXwfkrgtqkA==",
      "dev": true,
      "engines": {
        "node": ">= 10"
      }
    }
  }
}
